
Microsoft Visual Studio Solution File, Format Version 12.00
# Visual Studio Version 17
VisualStudioVersion = 17.7.34024.191
MinimumVisualStudioVersion = 10.0.40219.1
Project("{FAE04EC0-301F-11D3-BF4B-00C04F79EFBC}") = "portalBalance", "portalBalance\portalBalance.csproj", "{3F428897-EC2D-4C32-B835-DA37E23F31F0}"
EndProject
Global
	GlobalSection(SolutionConfigurationPlatforms) = preSolution
		Debug|Any CPU = Debug|Any CPU
		Release|Any CPU = Release|Any CPU
	EndGlobalSection
	GlobalSection(ProjectConfigurationPlatforms) = postSolution
		{3F428897-EC2D-4C32-B835-DA37E23F31F0}.Debug|Any CPU.ActiveCfg = Debug|Any CPU
		{3F428897-EC2D-4C32-B835-DA37E23F31F0}.Debug|Any CPU.Build.0 = Debug|Any CPU
		{3F428897-EC2D-4C32-B835-DA37E23F31F0}.Release|Any CPU.ActiveCfg = Release|Any CPU
		{3F428897-EC2D-4C32-B835-DA37E23F31F0}.Release|Any CPU.Build.0 = Release|Any CPU
	EndGlobalSection
	GlobalSection(SolutionProperties) = preSolution
		HideSolutionNode = FALSE
	EndGlobalSection
	GlobalSection(ExtensibilityGlobals) = postSolution
		SolutionGuid = {18C31E1D-40A2-4D72-829B-A74F1BC03048}
	EndGlobalSection
EndGlobal
